
Microsoft Visual Studio Solution File, Format Version 12.00
Project("{FAE04EC0-301F-11D3-BF4B-00C04F79EFBC}") = "TrickingLibrary.Api", "TrickingLibrary.Api\TrickingLibrary.Api.csproj", "{077C13C7-AAF4-4E7A-9333-1AD0C3344FFE}"
EndProject
Global
	GlobalSection(SolutionConfigurationPlatforms) = preSolution
		Debug|Any CPU = Debug|Any CPU
		Release|Any CPU = Release|Any CPU
	EndGlobalSection
	GlobalSection(ProjectConfigurationPlatforms) = postSolution
		{077C13C7-AAF4-4E7A-9333-1AD0C3344FFE}.Debug|Any CPU.ActiveCfg = Debug|Any CPU
		{077C13C7-AAF4-4E7A-9333-1AD0C3344FFE}.Debug|Any CPU.Build.0 = Debug|Any CPU
		{077C13C7-AAF4-4E7A-9333-1AD0C3344FFE}.Release|Any CPU.ActiveCfg = Release|Any CPU
		{077C13C7-AAF4-4E7A-9333-1AD0C3344FFE}.Release|Any CPU.Build.0 = Release|Any CPU
	EndGlobalSection
EndGlobal
